// !$*UTF8*$!
{
	archiveVersion = 1;
	classes = {
	};
	objectVersion = 77;
	objects = {

/* Begin PBXBuildFile section */
		35AB92A42D148D00008D7BD4 /* URLSesion.swift in Sources */ = {isa = PBXBuildFile; fileRef = 35AB92A32D148D00008D7BD4 /* URLSesion.swift */; };
		35AB92A62D148D94008D7BD4 /* NetworkError.swift in Sources */ = {isa = PBXBuildFile; fileRef = 35AB92A52D148D93008D7BD4 /* NetworkError.swift */; };
		35AB92A82D149A2C008D7BD4 /* MovieRepository.swift in Sources */ = {isa = PBXBuildFile; fileRef = 35AB92A72D149A2C008D7BD4 /* MovieRepository.swift */; };
		42FE9ED42D19D74E00B842DD /* MovieListVM.swift in Sources */ = {isa = PBXBuildFile; fileRef = 42FE9ED32D19D74E00B842DD /* MovieListVM.swift */; };
		42FE9ED62D19DE8D00B842DD /* previewData.json in Resources */ = {isa = PBXBuildFile; fileRef = 42FE9ED52D19DE8D00B842DD /* previewData.json */; };
		42FE9ED82D19DED100B842DD /* PreviewData.swift in Sources */ = {isa = PBXBuildFile; fileRef = 42FE9ED72D19DED100B842DD /* PreviewData.swift */; };
		42FE9EDA2D19E76E00B842DD /* NetworkTest.swift in Sources */ = {isa = PBXBuildFile; fileRef = 42FE9ED92D19E76E00B842DD /* NetworkTest.swift */; };
		FCF56E1D2D11E92100255E87 /* ContentView.swift in Sources */ = {isa = PBXBuildFile; fileRef = FCF56E1A2D11E92100255E87 /* ContentView.swift */; };
		FCF56E1E2D11E92100255E87 /* MovieOnApp.swift in Sources */ = {isa = PBXBuildFile; fileRef = FCF56E1B2D11E92100255E87 /* MovieOnApp.swift */; };
		FCF56E1F2D11E92100255E87 /* Preview Assets.xcassets in Resources */ = {isa = PBXBuildFile; fileRef = FCF56E172D11E92100255E87 /* Preview Assets.xcassets */; };
		FCF56E202D11E92100255E87 /* Assets.xcassets in Resources */ = {isa = PBXBuildFile; fileRef = FCF56E192D11E92100255E87 /* Assets.xcassets */; };
		FCF56E232D11E93000255E87 /* MovieOnTests.swift in Sources */ = {isa = PBXBuildFile; fileRef = FCF56E212D11E93000255E87 /* MovieOnTests.swift */; };
		FCF56E272D11E93300255E87 /* MovieOnUITests.swift in Sources */ = {isa = PBXBuildFile; fileRef = FCF56E242D11E93300255E87 /* MovieOnUITests.swift */; };
		FCF56E282D11E93300255E87 /* MovieOnUITestsLaunchTests.swift in Sources */ = {isa = PBXBuildFile; fileRef = FCF56E252D11E93300255E87 /* MovieOnUITestsLaunchTests.swift */; };
		FCF56E312D11EB7100255E87 /* MovieResponseDTO.swift in Sources */ = {isa = PBXBuildFile; fileRef = FCF56E302D11EB7100255E87 /* MovieResponseDTO.swift */; };
		FCF56E332D11EC7200255E87 /* MovieResponse.swift in Sources */ = {isa = PBXBuildFile; fileRef = FCF56E322D11EC7200255E87 /* MovieResponse.swift */; };
		FCF56E382D11EF8700255E87 /* URL.swift in Sources */ = {isa = PBXBuildFile; fileRef = FCF56E372D11EF8700255E87 /* URL.swift */; };
		FCF56E3A2D11F37600255E87 /* URLRequest.swift in Sources */ = {isa = PBXBuildFile; fileRef = FCF56E392D11F37600255E87 /* URLRequest.swift */; };
		FCF56E3C2D11F5CD00255E87 /* APIConfig.plist in Resources */ = {isa = PBXBuildFile; fileRef = FCF56E3B2D11F5CD00255E87 /* APIConfig.plist */; };
		FCF56E3E2D11F6FB00255E87 /* APIConfig.swift in Sources */ = {isa = PBXBuildFile; fileRef = FCF56E3D2D11F6FB00255E87 /* APIConfig.swift */; };
		FCF56E402D11FBA400255E87 /* NetworkRepository.swift in Sources */ = {isa = PBXBuildFile; fileRef = FCF56E3F2D11FBA400255E87 /* NetworkRepository.swift */; };
/* End PBXBuildFile section */

/* Begin PBXContainerItemProxy section */
		FCF56DFB2D11E91400255E87 /* PBXContainerItemProxy */ = {
			isa = PBXContainerItemProxy;
			containerPortal = FCF56DE22D11E91200255E87 /* Project object */;
			proxyType = 1;
			remoteGlobalIDString = FCF56DE92D11E91200255E87;
			remoteInfo = MovieOn;
		};
		FCF56E052D11E91400255E87 /* PBXContainerItemProxy */ = {
			isa = PBXContainerItemProxy;
			containerPortal = FCF56DE22D11E91200255E87 /* Project object */;
			proxyType = 1;
			remoteGlobalIDString = FCF56DE92D11E91200255E87;
			remoteInfo = MovieOn;
		};
/* End PBXContainerItemProxy section */

/* Begin PBXFileReference section */
		35AB92A32D148D00008D7BD4 /* URLSesion.swift */ = {isa = PBXFileReference; lastKnownFileType = sourcecode.swift; path = URLSesion.swift; sourceTree = "<group>"; };
		35AB92A52D148D93008D7BD4 /* NetworkError.swift */ = {isa = PBXFileReference; lastKnownFileType = sourcecode.swift; path = NetworkError.swift; sourceTree = "<group>"; };
		35AB92A72D149A2C008D7BD4 /* MovieRepository.swift */ = {isa = PBXFileReference; lastKnownFileType = sourcecode.swift; path = MovieRepository.swift; sourceTree = "<group>"; };
		42FE9ED32D19D74E00B842DD /* MovieListVM.swift */ = {isa = PBXFileReference; lastKnownFileType = sourcecode.swift; path = MovieListVM.swift; sourceTree = "<group>"; };
		42FE9ED52D19DE8D00B842DD /* previewData.json */ = {isa = PBXFileReference; lastKnownFileType = text.json; path = previewData.json; sourceTree = "<group>"; };
		42FE9ED72D19DED100B842DD /* PreviewData.swift */ = {isa = PBXFileReference; lastKnownFileType = sourcecode.swift; path = PreviewData.swift; sourceTree = "<group>"; };
		42FE9ED92D19E76E00B842DD /* NetworkTest.swift */ = {isa = PBXFileReference; lastKnownFileType = sourcecode.swift; path = NetworkTest.swift; sourceTree = "<group>"; };
		FCF56DEA2D11E91200255E87 /* MovieOn.app */ = {isa = PBXFileReference; explicitFileType = wrapper.application; includeInIndex = 0; path = MovieOn.app; sourceTree = BUILT_PRODUCTS_DIR; };
		FCF56DFA2D11E91400255E87 /* MovieOnTests.xctest */ = {isa = PBXFileReference; explicitFileType = wrapper.cfbundle; includeInIndex = 0; path = MovieOnTests.xctest; sourceTree = BUILT_PRODUCTS_DIR; };
		FCF56E042D11E91400255E87 /* MovieOnUITests.xctest */ = {isa = PBXFileReference; explicitFileType = wrapper.cfbundle; includeInIndex = 0; path = MovieOnUITests.xctest; sourceTree = BUILT_PRODUCTS_DIR; };
		FCF56E172D11E92100255E87 /* Preview Assets.xcassets */ = {isa = PBXFileReference; lastKnownFileType = folder.assetcatalog; path = "Preview Assets.xcassets"; sourceTree = "<group>"; };
		FCF56E192D11E92100255E87 /* Assets.xcassets */ = {isa = PBXFileReference; lastKnownFileType = folder.assetcatalog; path = Assets.xcassets; sourceTree = "<group>"; };
		FCF56E1A2D11E92100255E87 /* ContentView.swift */ = {isa = PBXFileReference; lastKnownFileType = sourcecode.swift; path = ContentView.swift; sourceTree = "<group>"; };
		FCF56E1B2D11E92100255E87 /* MovieOnApp.swift */ = {isa = PBXFileReference; lastKnownFileType = sourcecode.swift; path = MovieOnApp.swift; sourceTree = "<group>"; };
		FCF56E212D11E93000255E87 /* MovieOnTests.swift */ = {isa = PBXFileReference; lastKnownFileType = sourcecode.swift; path = MovieOnTests.swift; sourceTree = "<group>"; };
		FCF56E242D11E93300255E87 /* MovieOnUITests.swift */ = {isa = PBXFileReference; lastKnownFileType = sourcecode.swift; path = MovieOnUITests.swift; sourceTree = "<group>"; };
		FCF56E252D11E93300255E87 /* MovieOnUITestsLaunchTests.swift */ = {isa = PBXFileReference; lastKnownFileType = sourcecode.swift; path = MovieOnUITestsLaunchTests.swift; sourceTree = "<group>"; };
		FCF56E302D11EB7100255E87 /* MovieResponseDTO.swift */ = {isa = PBXFileReference; lastKnownFileType = sourcecode.swift; path = MovieResponseDTO.swift; sourceTree = "<group>"; };
		FCF56E322D11EC7200255E87 /* MovieResponse.swift */ = {isa = PBXFileReference; lastKnownFileType = sourcecode.swift; path = MovieResponse.swift; sourceTree = "<group>"; };
		FCF56E372D11EF8700255E87 /* URL.swift */ = {isa = PBXFileReference; lastKnownFileType = sourcecode.swift; path = URL.swift; sourceTree = "<group>"; };
		FCF56E392D11F37600255E87 /* URLRequest.swift */ = {isa = PBXFileReference; lastKnownFileType = sourcecode.swift; path = URLRequest.swift; sourceTree = "<group>"; };
		FCF56E3B2D11F5CD00255E87 /* APIConfig.plist */ = {isa = PBXFileReference; lastKnownFileType = text.plist.xml; path = APIConfig.plist; sourceTree = "<group>"; };
		FCF56E3D2D11F6FB00255E87 /* APIConfig.swift */ = {isa = PBXFileReference; lastKnownFileType = sourcecode.swift; path = APIConfig.swift; sourceTree = "<group>"; };
		FCF56E3F2D11FBA400255E87 /* NetworkRepository.swift */ = {isa = PBXFileReference; lastKnownFileType = sourcecode.swift; path = NetworkRepository.swift; sourceTree = "<group>"; };
/* End PBXFileReference section */

/* Begin PBXFrameworksBuildPhase section */
		FCF56DE72D11E91200255E87 /* Frameworks */ = {
			isa = PBXFrameworksBuildPhase;
			buildActionMask = 2147483647;
			files = (
			);
			runOnlyForDeploymentPostprocessing = 0;
		};
		FCF56DF72D11E91400255E87 /* Frameworks */ = {
			isa = PBXFrameworksBuildPhase;
			buildActionMask = 2147483647;
			files = (
			);
			runOnlyForDeploymentPostprocessing = 0;
		};
		FCF56E012D11E91400255E87 /* Frameworks */ = {
			isa = PBXFrameworksBuildPhase;
			buildActionMask = 2147483647;
			files = (
			);
			runOnlyForDeploymentPostprocessing = 0;
		};
/* End PBXFrameworksBuildPhase section */

/* Begin PBXGroup section */
		FCF56DE12D11E91200255E87 = {
			isa = PBXGroup;
			children = (
				FCF56E1C2D11E92100255E87 /* MovieOn */,
				FCF56E222D11E93000255E87 /* MovieOnTests */,
				FCF56E262D11E93300255E87 /* MovieOnUITests */,
				FCF56DEB2D11E91200255E87 /* Products */,
			);
			sourceTree = "<group>";
		};
		FCF56DEB2D11E91200255E87 /* Products */ = {
			isa = PBXGroup;
			children = (
				FCF56DEA2D11E91200255E87 /* MovieOn.app */,
				FCF56DFA2D11E91400255E87 /* MovieOnTests.xctest */,
				FCF56E042D11E91400255E87 /* MovieOnUITests.xctest */,
			);
			name = Products;
			sourceTree = "<group>";
		};
		FCF56E182D11E92100255E87 /* Preview Content */ = {
			isa = PBXGroup;
			children = (
				FCF56E172D11E92100255E87 /* Preview Assets.xcassets */,
				42FE9ED52D19DE8D00B842DD /* previewData.json */,
				42FE9ED72D19DED100B842DD /* PreviewData.swift */,
				42FE9ED92D19E76E00B842DD /* NetworkTest.swift */,
			);
			path = "Preview Content";
			sourceTree = "<group>";
		};
		FCF56E1C2D11E92100255E87 /* MovieOn */ = {
			isa = PBXGroup;
			children = (
				FCF56E2A2D11EAE100255E87 /* Views */,
				FCF56E2B2D11EAE700255E87 /* ViewModel */,
				FCF56E2D2D11EB1E00255E87 /* Repository */,
				FCF56E342D11EF5200255E87 /* Interface */,
				FCF56E292D11EAD900255E87 /* Model */,
				FCF56E2F2D11EB3600255E87 /* Resources */,
				FCF56E2E2D11EB2B00255E87 /* System */,
				FCF56E182D11E92100255E87 /* Preview Content */,
			);
			path = MovieOn;
			sourceTree = "<group>";
		};
		FCF56E222D11E93000255E87 /* MovieOnTests */ = {
			isa = PBXGroup;
			children = (
				FCF56E212D11E93000255E87 /* MovieOnTests.swift */,
			);
			path = MovieOnTests;
			sourceTree = "<group>";
		};
		FCF56E262D11E93300255E87 /* MovieOnUITests */ = {
			isa = PBXGroup;
			children = (
				FCF56E242D11E93300255E87 /* MovieOnUITests.swift */,
				FCF56E252D11E93300255E87 /* MovieOnUITestsLaunchTests.swift */,
			);
			path = MovieOnUITests;
			sourceTree = "<group>";
		};
		FCF56E292D11EAD900255E87 /* Model */ = {
			isa = PBXGroup;
			children = (
				FCF56E302D11EB7100255E87 /* MovieResponseDTO.swift */,
				FCF56E322D11EC7200255E87 /* MovieResponse.swift */,
			);
			path = Model;
			sourceTree = "<group>";
		};
		FCF56E2A2D11EAE100255E87 /* Views */ = {
			isa = PBXGroup;
			children = (
				FCF56E1A2D11E92100255E87 /* ContentView.swift */,
			);
			path = Views;
			sourceTree = "<group>";
		};
		FCF56E2B2D11EAE700255E87 /* ViewModel */ = {
			isa = PBXGroup;
			children = (
				42FE9ED32D19D74E00B842DD /* MovieListVM.swift */,
			);
			path = ViewModel;
			sourceTree = "<group>";
		};
		FCF56E2D2D11EB1E00255E87 /* Repository */ = {
			isa = PBXGroup;
			children = (
				35AB92A72D149A2C008D7BD4 /* MovieRepository.swift */,
			);
			path = Repository;
			sourceTree = "<group>";
		};
		FCF56E2E2D11EB2B00255E87 /* System */ = {
			isa = PBXGroup;
			children = (
				FCF56E1B2D11E92100255E87 /* MovieOnApp.swift */,
				FCF56E3B2D11F5CD00255E87 /* APIConfig.plist */,
				FCF56E3D2D11F6FB00255E87 /* APIConfig.swift */,
			);
			path = System;
			sourceTree = "<group>";
		};
		FCF56E2F2D11EB3600255E87 /* Resources */ = {
			isa = PBXGroup;
			children = (
				FCF56E192D11E92100255E87 /* Assets.xcassets */,
			);
			path = Resources;
			sourceTree = "<group>";
		};
		FCF56E342D11EF5200255E87 /* Interface */ = {
			isa = PBXGroup;
			children = (
				FCF56E372D11EF8700255E87 /* URL.swift */,
				FCF56E392D11F37600255E87 /* URLRequest.swift */,
				FCF56E3F2D11FBA400255E87 /* NetworkRepository.swift */,
				35AB92A32D148D00008D7BD4 /* URLSesion.swift */,
				35AB92A52D148D93008D7BD4 /* NetworkError.swift */,
			);
			path = Interface;
			sourceTree = "<group>";
		};
/* End PBXGroup section */

/* Begin PBXNativeTarget section */
		FCF56DE92D11E91200255E87 /* MovieOn */ = {
			isa = PBXNativeTarget;
			buildConfigurationList = FCF56E0E2D11E91400255E87 /* Build configuration list for PBXNativeTarget "MovieOn" */;
			buildPhases = (
				FCF56DE62D11E91200255E87 /* Sources */,
				FCF56DE72D11E91200255E87 /* Frameworks */,
				FCF56DE82D11E91200255E87 /* Resources */,
			);
			buildRules = (
			);
			dependencies = (
			);
			name = MovieOn;
			packageProductDependencies = (
			);
			productName = MovieOn;
			productReference = FCF56DEA2D11E91200255E87 /* MovieOn.app */;
			productType = "com.apple.product-type.application";
		};
		FCF56DF92D11E91400255E87 /* MovieOnTests */ = {
			isa = PBXNativeTarget;
			buildConfigurationList = FCF56E112D11E91400255E87 /* Build configuration list for PBXNativeTarget "MovieOnTests" */;
			buildPhases = (
				FCF56DF62D11E91400255E87 /* Sources */,
				FCF56DF72D11E91400255E87 /* Frameworks */,
				FCF56DF82D11E91400255E87 /* Resources */,
			);
			buildRules = (
			);
			dependencies = (
				FCF56DFC2D11E91400255E87 /* PBXTargetDependency */,
			);
			name = MovieOnTests;
			packageProductDependencies = (
			);
			productName = MovieOnTests;
			productReference = FCF56DFA2D11E91400255E87 /* MovieOnTests.xctest */;
			productType = "com.apple.product-type.bundle.unit-test";
		};
		FCF56E032D11E91400255E87 /* MovieOnUITests */ = {
			isa = PBXNativeTarget;
			buildConfigurationList = FCF56E142D11E91400255E87 /* Build configuration list for PBXNativeTarget "MovieOnUITests" */;
			buildPhases = (
				FCF56E002D11E91400255E87 /* Sources */,
				FCF56E012D11E91400255E87 /* Frameworks */,
				FCF56E022D11E91400255E87 /* Resources */,
			);
			buildRules = (
			);
			dependencies = (
				FCF56E062D11E91400255E87 /* PBXTargetDependency */,
			);
			name = MovieOnUITests;
			packageProductDependencies = (
			);
			productName = MovieOnUITests;
			productReference = FCF56E042D11E91400255E87 /* MovieOnUITests.xctest */;
			productType = "com.apple.product-type.bundle.ui-testing";
		};
/* End PBXNativeTarget section */

/* Begin PBXProject section */
		FCF56DE22D11E91200255E87 /* Project object */ = {
			isa = PBXProject;
			attributes = {
				BuildIndependentTargetsInParallel = 1;
				LastSwiftUpdateCheck = 1610;
				LastUpgradeCheck = 1610;
				TargetAttributes = {
					FCF56DE92D11E91200255E87 = {
						CreatedOnToolsVersion = 16.1;
					};
					FCF56DF92D11E91400255E87 = {
						CreatedOnToolsVersion = 16.1;
						TestTargetID = FCF56DE92D11E91200255E87;
					};
					FCF56E032D11E91400255E87 = {
						CreatedOnToolsVersion = 16.1;
						TestTargetID = FCF56DE92D11E91200255E87;
					};
				};
			};
			buildConfigurationList = FCF56DE52D11E91200255E87 /* Build configuration list for PBXProject "MovieOn" */;
			developmentRegion = en;
			hasScannedForEncodings = 0;
			knownRegions = (
				en,
				Base,
			);
			mainGroup = FCF56DE12D11E91200255E87;
			minimizedProjectReferenceProxies = 1;
			preferredProjectObjectVersion = 77;
			productRefGroup = FCF56DEB2D11E91200255E87 /* Products */;
			projectDirPath = "";
			projectRoot = "";
			targets = (
				FCF56DE92D11E91200255E87 /* MovieOn */,
				FCF56DF92D11E91400255E87 /* MovieOnTests */,
				FCF56E032D11E91400255E87 /* MovieOnUITests */,
			);
		};
/* End PBXProject section */

/* Begin PBXResourcesBuildPhase section */
		FCF56DE82D11E91200255E87 /* Resources */ = {
			isa = PBXResourcesBuildPhase;
			buildActionMask = 2147483647;
			files = (
				FCF56E1F2D11E92100255E87 /* Preview Assets.xcassets in Resources */,
				42FE9ED62D19DE8D00B842DD /* previewData.json in Resources */,
				FCF56E202D11E92100255E87 /* Assets.xcassets in Resources */,
				FCF56E3C2D11F5CD00255E87 /* APIConfig.plist in Resources */,
			);
			runOnlyForDeploymentPostprocessing = 0;
		};
		FCF56DF82D11E91400255E87 /* Resources */ = {
			isa = PBXResourcesBuildPhase;
			buildActionMask = 2147483647;
			files = (
			);
			runOnlyForDeploymentPostprocessing = 0;
		};
		FCF56E022D11E91400255E87 /* Resources */ = {
			isa = PBXResourcesBuildPhase;
			buildActionMask = 2147483647;
			files = (
			);
			runOnlyForDeploymentPostprocessing = 0;
		};
/* End PBXResourcesBuildPhase section */

/* Begin PBXSourcesBuildPhase section */
		FCF56DE62D11E91200255E87 /* Sources */ = {
			isa = PBXSourcesBuildPhase;
			buildActionMask = 2147483647;
			files = (
				42FE9EDA2D19E76E00B842DD /* NetworkTest.swift in Sources */,
				FCF56E382D11EF8700255E87 /* URL.swift in Sources */,
				FCF56E1D2D11E92100255E87 /* ContentView.swift in Sources */,
				FCF56E332D11EC7200255E87 /* MovieResponse.swift in Sources */,
				35AB92A82D149A2C008D7BD4 /* MovieRepository.swift in Sources */,
				42FE9ED82D19DED100B842DD /* PreviewData.swift in Sources */,
				35AB92A62D148D94008D7BD4 /* NetworkError.swift in Sources */,
				FCF56E3A2D11F37600255E87 /* URLRequest.swift in Sources */,
				FCF56E402D11FBA400255E87 /* NetworkRepository.swift in Sources */,
				FCF56E312D11EB7100255E87 /* MovieResponseDTO.swift in Sources */,
				FCF56E1E2D11E92100255E87 /* MovieOnApp.swift in Sources */,
				35AB92A42D148D00008D7BD4 /* URLSesion.swift in Sources */,
				FCF56E3E2D11F6FB00255E87 /* APIConfig.swift in Sources */,
				42FE9ED42D19D74E00B842DD /* MovieListVM.swift in Sources */,
			);
			runOnlyForDeploymentPostprocessing = 0;
		};
		FCF56DF62D11E91400255E87 /* Sources */ = {
			isa = PBXSourcesBuildPhase;
			buildActionMask = 2147483647;
			files = (
				FCF56E232D11E93000255E87 /* MovieOnTests.swift in Sources */,
			);
			runOnlyForDeploymentPostprocessing = 0;
		};
		FCF56E002D11E91400255E87 /* Sources */ = {
			isa = PBXSourcesBuildPhase;
			buildActionMask = 2147483647;
			files = (
				FCF56E272D11E93300255E87 /* MovieOnUITests.swift in Sources */,
				FCF56E282D11E93300255E87 /* MovieOnUITestsLaunchTests.swift in Sources */,
			);
			runOnlyForDeploymentPostprocessing = 0;
		};
/* End PBXSourcesBuildPhase section */

/* Begin PBXTargetDependency section */
		FCF56DFC2D11E91400255E87 /* PBXTargetDependency */ = {
			isa = PBXTargetDependency;
			target = FCF56DE92D11E91200255E87 /* MovieOn */;
			targetProxy = FCF56DFB2D11E91400255E87 /* PBXContainerItemProxy */;
		};
		FCF56E062D11E91400255E87 /* PBXTargetDependency */ = {
			isa = PBXTargetDependency;
			target = FCF56DE92D11E91200255E87 /* MovieOn */;
			targetProxy = FCF56E052D11E91400255E87 /* PBXContainerItemProxy */;
		};
/* End PBXTargetDependency section */

/* Begin XCBuildConfiguration section */
		FCF56E0C2D11E91400255E87 /* Debug */ = {
			isa = XCBuildConfiguration;
			buildSettings = {
				ALWAYS_SEARCH_USER_PATHS = NO;
				ASSETCATALOG_COMPILER_GENERATE_SWIFT_ASSET_SYMBOL_EXTENSIONS = YES;
				CLANG_ANALYZER_NONNULL = YES;
				CLANG_ANALYZER_NUMBER_OBJECT_CONVERSION = YES_AGGRESSIVE;
				CLANG_CXX_LANGUAGE_STANDARD = "gnu++20";
				CLANG_ENABLE_MODULES = YES;
				CLANG_ENABLE_OBJC_ARC = YES;
				CLANG_ENABLE_OBJC_WEAK = YES;
				CLANG_WARN_BLOCK_CAPTURE_AUTORELEASING = YES;
				CLANG_WARN_BOOL_CONVERSION = YES;
				CLANG_WARN_COMMA = YES;
				CLANG_WARN_CONSTANT_CONVERSION = YES;
				CLANG_WARN_DEPRECATED_OBJC_IMPLEMENTATIONS = YES;
				CLANG_WARN_DIRECT_OBJC_ISA_USAGE = YES_ERROR;
				CLANG_WARN_DOCUMENTATION_COMMENTS = YES;
				CLANG_WARN_EMPTY_BODY = YES;
				CLANG_WARN_ENUM_CONVERSION = YES;
				CLANG_WARN_INFINITE_RECURSION = YES;
				CLANG_WARN_INT_CONVERSION = YES;
				CLANG_WARN_NON_LITERAL_NULL_CONVERSION = YES;
				CLANG_WARN_OBJC_IMPLICIT_RETAIN_SELF = YES;
				CLANG_WARN_OBJC_LITERAL_CONVERSION = YES;
				CLANG_WARN_OBJC_ROOT_CLASS = YES_ERROR;
				CLANG_WARN_QUOTED_INCLUDE_IN_FRAMEWORK_HEADER = YES;
				CLANG_WARN_RANGE_LOOP_ANALYSIS = YES;
				CLANG_WARN_STRICT_PROTOTYPES = YES;
				CLANG_WARN_SUSPICIOUS_MOVE = YES;
				CLANG_WARN_UNGUARDED_AVAILABILITY = YES_AGGRESSIVE;
				CLANG_WARN_UNREACHABLE_CODE = YES;
				CLANG_WARN__DUPLICATE_METHOD_MATCH = YES;
				COPY_PHASE_STRIP = NO;
				DEBUG_INFORMATION_FORMAT = dwarf;
				ENABLE_STRICT_OBJC_MSGSEND = YES;
				ENABLE_TESTABILITY = YES;
				ENABLE_USER_SCRIPT_SANDBOXING = YES;
				GCC_C_LANGUAGE_STANDARD = gnu17;
				GCC_DYNAMIC_NO_PIC = NO;
				GCC_NO_COMMON_BLOCKS = YES;
				GCC_OPTIMIZATION_LEVEL = 0;
				GCC_PREPROCESSOR_DEFINITIONS = (
					"DEBUG=1",
					"$(inherited)",
				);
				GCC_WARN_64_TO_32_BIT_CONVERSION = YES;
				GCC_WARN_ABOUT_RETURN_TYPE = YES_ERROR;
				GCC_WARN_UNDECLARED_SELECTOR = YES;
				GCC_WARN_UNINITIALIZED_AUTOS = YES_AGGRESSIVE;
				GCC_WARN_UNUSED_FUNCTION = YES;
				GCC_WARN_UNUSED_VARIABLE = YES;
				IPHONEOS_DEPLOYMENT_TARGET = 18.1;
				LOCALIZATION_PREFERS_STRING_CATALOGS = YES;
				MTL_ENABLE_DEBUG_INFO = INCLUDE_SOURCE;
				MTL_FAST_MATH = YES;
				ONLY_ACTIVE_ARCH = YES;
				SDKROOT = iphoneos;
				SWIFT_ACTIVE_COMPILATION_CONDITIONS = "DEBUG $(inherited)";
				SWIFT_OPTIMIZATION_LEVEL = "-Onone";
				SWIFT_STRICT_CONCURRENCY = complete;
				SWIFT_VERSION = 6.0;
			};
			name = Debug;
		};
		FCF56E0D2D11E91400255E87 /* Release */ = {
			isa = XCBuildConfiguration;
			buildSettings = {
				ALWAYS_SEARCH_USER_PATHS = NO;
				ASSETCATALOG_COMPILER_GENERATE_SWIFT_ASSET_SYMBOL_EXTENSIONS = YES;
				CLANG_ANALYZER_NONNULL = YES;
				CLANG_ANALYZER_NUMBER_OBJECT_CONVERSION = YES_AGGRESSIVE;
				CLANG_CXX_LANGUAGE_STANDARD = "gnu++20";
				CLANG_ENABLE_MODULES = YES;
				CLANG_ENABLE_OBJC_ARC = YES;
				CLANG_ENABLE_OBJC_WEAK = YES;
				CLANG_WARN_BLOCK_CAPTURE_AUTORELEASING = YES;
				CLANG_WARN_BOOL_CONVERSION = YES;
				CLANG_WARN_COMMA = YES;
				CLANG_WARN_CONSTANT_CONVERSION = YES;
				CLANG_WARN_DEPRECATED_OBJC_IMPLEMENTATIONS = YES;
				CLANG_WARN_DIRECT_OBJC_ISA_USAGE = YES_ERROR;
				CLANG_WARN_DOCUMENTATION_COMMENTS = YES;
				CLANG_WARN_EMPTY_BODY = YES;
				CLANG_WARN_ENUM_CONVERSION = YES;
				CLANG_WARN_INFINITE_RECURSION = YES;
				CLANG_WARN_INT_CONVERSION = YES;
				CLANG_WARN_NON_LITERAL_NULL_CONVERSION = YES;
				CLANG_WARN_OBJC_IMPLICIT_RETAIN_SELF = YES;
				CLANG_WARN_OBJC_LITERAL_CONVERSION = YES;
				CLANG_WARN_OBJC_ROOT_CLASS = YES_ERROR;
				CLANG_WARN_QUOTED_INCLUDE_IN_FRAMEWORK_HEADER = YES;
				CLANG_WARN_RANGE_LOOP_ANALYSIS = YES;
				CLANG_WARN_STRICT_PROTOTYPES = YES;
				CLANG_WARN_SUSPICIOUS_MOVE = YES;
				CLANG_WARN_UNGUARDED_AVAILABILITY = YES_AGGRESSIVE;
				CLANG_WARN_UNREACHABLE_CODE = YES;
				CLANG_WARN__DUPLICATE_METHOD_MATCH = YES;
				COPY_PHASE_STRIP = NO;
				DEBUG_INFORMATION_FORMAT = "dwarf-with-dsym";
				ENABLE_NS_ASSERTIONS = NO;
				ENABLE_STRICT_OBJC_MSGSEND = YES;
				ENABLE_USER_SCRIPT_SANDBOXING = YES;
				GCC_C_LANGUAGE_STANDARD = gnu17;
				GCC_NO_COMMON_BLOCKS = YES;
				GCC_WARN_64_TO_32_BIT_CONVERSION = YES;
				GCC_WARN_ABOUT_RETURN_TYPE = YES_ERROR;
				GCC_WARN_UNDECLARED_SELECTOR = YES;
				GCC_WARN_UNINITIALIZED_AUTOS = YES_AGGRESSIVE;
				GCC_WARN_UNUSED_FUNCTION = YES;
				GCC_WARN_UNUSED_VARIABLE = YES;
				IPHONEOS_DEPLOYMENT_TARGET = 18.1;
				LOCALIZATION_PREFERS_STRING_CATALOGS = YES;
				MTL_ENABLE_DEBUG_INFO = NO;
				MTL_FAST_MATH = YES;
				SDKROOT = iphoneos;
				SWIFT_COMPILATION_MODE = wholemodule;
				SWIFT_STRICT_CONCURRENCY = complete;
				SWIFT_VERSION = 6.0;
				VALIDATE_PRODUCT = YES;
			};
			name = Release;
		};
		FCF56E0F2D11E91400255E87 /* Debug */ = {
			isa = XCBuildConfiguration;
			buildSettings = {
				ASSETCATALOG_COMPILER_APPICON_NAME = AppIcon;
				ASSETCATALOG_COMPILER_GLOBAL_ACCENT_COLOR_NAME = AccentColor;
				CODE_SIGN_STYLE = Automatic;
				CURRENT_PROJECT_VERSION = 1;
				DEVELOPMENT_ASSET_PATHS = "\"MovieOn/Preview Content\"";
				DEVELOPMENT_TEAM = RTP3BVY32M;
				ENABLE_PREVIEWS = YES;
				GENERATE_INFOPLIST_FILE = YES;
				INFOPLIST_KEY_UIApplicationSceneManifest_Generation = YES;
				INFOPLIST_KEY_UIApplicationSupportsIndirectInputEvents = YES;
				INFOPLIST_KEY_UILaunchScreen_Generation = YES;
				INFOPLIST_KEY_UISupportedInterfaceOrientations_iPad = "UIInterfaceOrientationPortrait UIInterfaceOrientationPortraitUpsideDown UIInterfaceOrientationLandscapeLeft UIInterfaceOrientationLandscapeRight";
				INFOPLIST_KEY_UISupportedInterfaceOrientations_iPhone = "UIInterfaceOrientationPortrait UIInterfaceOrientationLandscapeLeft UIInterfaceOrientationLandscapeRight";
				LD_RUNPATH_SEARCH_PATHS = (
					"$(inherited)",
					"@executable_path/Frameworks",
				);
				MARKETING_VERSION = 1.0;
				PRODUCT_BUNDLE_IDENTIFIER = com.mariaperez.MovieOn;
				PRODUCT_NAME = "$(TARGET_NAME)";
				SWIFT_EMIT_LOC_STRINGS = YES;
				SWIFT_VERSION = 6.0;
				TARGETED_DEVICE_FAMILY = "1,2";
			};
			name = Debug;
		};
		FCF56E102D11E91400255E87 /* Release */ = {
			isa = XCBuildConfiguration;
			buildSettings = {
				ASSETCATALOG_COMPILER_APPICON_NAME = AppIcon;
				ASSETCATALOG_COMPILER_GLOBAL_ACCENT_COLOR_NAME = AccentColor;
				CODE_SIGN_STYLE = Automatic;
				CURRENT_PROJECT_VERSION = 1;
				DEVELOPMENT_ASSET_PATHS = "\"MovieOn/Preview Content\"";
				DEVELOPMENT_TEAM = RTP3BVY32M;
				ENABLE_PREVIEWS = YES;
				GENERATE_INFOPLIST_FILE = YES;
				INFOPLIST_KEY_UIApplicationSceneManifest_Generation = YES;
				INFOPLIST_KEY_UIApplicationSupportsIndirectInputEvents = YES;
				INFOPLIST_KEY_UILaunchScreen_Generation = YES;
				INFOPLIST_KEY_UISupportedInterfaceOrientations_iPad = "UIInterfaceOrientationPortrait UIInterfaceOrientationPortraitUpsideDown UIInterfaceOrientationLandscapeLeft UIInterfaceOrientationLandscapeRight";
				INFOPLIST_KEY_UISupportedInterfaceOrientations_iPhone = "UIInterfaceOrientationPortrait UIInterfaceOrientationLandscapeLeft UIInterfaceOrientationLandscapeRight";
				LD_RUNPATH_SEARCH_PATHS = (
					"$(inherited)",
					"@executable_path/Frameworks",
				);
				MARKETING_VERSION = 1.0;
				PRODUCT_BUNDLE_IDENTIFIER = com.mariaperez.MovieOn;
				PRODUCT_NAME = "$(TARGET_NAME)";
				SWIFT_EMIT_LOC_STRINGS = YES;
				SWIFT_VERSION = 6.0;
				TARGETED_DEVICE_FAMILY = "1,2";
			};
			name = Release;
		};
		FCF56E122D11E91400255E87 /* Debug */ = {
			isa = XCBuildConfiguration;
			buildSettings = {
				BUNDLE_LOADER = "$(TEST_HOST)";
				CODE_SIGN_STYLE = Automatic;
				CURRENT_PROJECT_VERSION = 1;
				DEVELOPMENT_TEAM = RTP3BVY32M;
				GENERATE_INFOPLIST_FILE = YES;
				IPHONEOS_DEPLOYMENT_TARGET = 18.1;
				MARKETING_VERSION = 1.0;
				PRODUCT_BUNDLE_IDENTIFIER = com.mariaperez.MovieOnTests;
				PRODUCT_NAME = "$(TARGET_NAME)";
				SWIFT_EMIT_LOC_STRINGS = NO;
				SWIFT_VERSION = 5.0;
				TARGETED_DEVICE_FAMILY = "1,2";
				TEST_HOST = "$(BUILT_PRODUCTS_DIR)/MovieOn.app/$(BUNDLE_EXECUTABLE_FOLDER_PATH)/MovieOn";
			};
			name = Debug;
		};
		FCF56E132D11E91400255E87 /* Release */ = {
			isa = XCBuildConfiguration;
			buildSettings = {
				BUNDLE_LOADER = "$(TEST_HOST)";
				CODE_SIGN_STYLE = Automatic;
				CURRENT_PROJECT_VERSION = 1;
				DEVELOPMENT_TEAM = RTP3BVY32M;
				GENERATE_INFOPLIST_FILE = YES;
				IPHONEOS_DEPLOYMENT_TARGET = 18.1;
				MARKETING_VERSION = 1.0;
				PRODUCT_BUNDLE_IDENTIFIER = com.mariaperez.MovieOnTests;
				PRODUCT_NAME = "$(TARGET_NAME)";
				SWIFT_EMIT_LOC_STRINGS = NO;
				SWIFT_VERSION = 5.0;
				TARGETED_DEVICE_FAMILY = "1,2";
				TEST_HOST = "$(BUILT_PRODUCTS_DIR)/MovieOn.app/$(BUNDLE_EXECUTABLE_FOLDER_PATH)/MovieOn";
			};
			name = Release;
		};
		FCF56E152D11E91400255E87 /* Debug */ = {
			isa = XCBuildConfiguration;
			buildSettings = {
				CODE_SIGN_STYLE = Automatic;
				CURRENT_PROJECT_VERSION = 1;
				DEVELOPMENT_TEAM = RTP3BVY32M;
				GENERATE_INFOPLIST_FILE = YES;
				MARKETING_VERSION = 1.0;
				PRODUCT_BUNDLE_IDENTIFIER = com.mariaperez.MovieOnUITests;
				PRODUCT_NAME = "$(TARGET_NAME)";
				SWIFT_EMIT_LOC_STRINGS = NO;
				SWIFT_VERSION = 5.0;
				TARGETED_DEVICE_FAMILY = "1,2";
				TEST_TARGET_NAME = MovieOn;
			};
			name = Debug;
		};
		FCF56E162D11E91400255E87 /* Release */ = {
			isa = XCBuildConfiguration;
			buildSettings = {
				CODE_SIGN_STYLE = Automatic;
				CURRENT_PROJECT_VERSION = 1;
				DEVELOPMENT_TEAM = RTP3BVY32M;
				GENERATE_INFOPLIST_FILE = YES;
				MARKETING_VERSION = 1.0;
				PRODUCT_BUNDLE_IDENTIFIER = com.mariaperez.MovieOnUITests;
				PRODUCT_NAME = "$(TARGET_NAME)";
				SWIFT_EMIT_LOC_STRINGS = NO;
				SWIFT_VERSION = 5.0;
				TARGETED_DEVICE_FAMILY = "1,2";
				TEST_TARGET_NAME = MovieOn;
			};
			name = Release;
		};
/* End XCBuildConfiguration section */

/* Begin XCConfigurationList section */
		FCF56DE52D11E91200255E87 /* Build configuration list for PBXProject "MovieOn" */ = {
			isa = XCConfigurationList;
			buildConfigurations = (
				FCF56E0C2D11E91400255E87 /* Debug */,
				FCF56E0D2D11E91400255E87 /* Release */,
			);
			defaultConfigurationIsVisible = 0;
			defaultConfigurationName = Release;
		};
		FCF56E0E2D11E91400255E87 /* Build configuration list for PBXNativeTarget "MovieOn" */ = {
			isa = XCConfigurationList;
			buildConfigurations = (
				FCF56E0F2D11E91400255E87 /* Debug */,
				FCF56E102D11E91400255E87 /* Release */,
			);
			defaultConfigurationIsVisible = 0;
			defaultConfigurationName = Release;
		};
		FCF56E112D11E91400255E87 /* Build configuration list for PBXNativeTarget "MovieOnTests" */ = {
			isa = XCConfigurationList;
			buildConfigurations = (
				FCF56E122D11E91400255E87 /* Debug */,
				FCF56E132D11E91400255E87 /* Release */,
			);
			defaultConfigurationIsVisible = 0;
			defaultConfigurationName = Release;
		};
		FCF56E142D11E91400255E87 /* Build configuration list for PBXNativeTarget "MovieOnUITests" */ = {
			isa = XCConfigurationList;
			buildConfigurations = (
				FCF56E152D11E91400255E87 /* Debug */,
				FCF56E162D11E91400255E87 /* Release */,
			);
			defaultConfigurationIsVisible = 0;
			defaultConfigurationName = Release;
		};
/* End XCConfigurationList section */
	};
	rootObject = FCF56DE22D11E91200255E87 /* Project object */;
}
